
Microsoft Visual Studio Solution File, Format Version 12.00
# Visual Studio Version 17
VisualStudioVersion = 17.5.33502.453
MinimumVisualStudioVersion = 10.0.40219.1
Project("{FAE04EC0-301F-11D3-BF4B-00C04F79EFBC}") = "Edycja_picturebox", "Edycja_picturebox\Edycja_picturebox.csproj", "{8F699A88-A924-4ACF-AAB6-96D277B73694}"
EndProject
Global
	GlobalSection(SolutionConfigurationPlatforms) = preSolution
		Debug|Any CPU = Debug|Any CPU
		Release|Any CPU = Release|Any CPU
	EndGlobalSection
	GlobalSection(ProjectConfigurationPlatforms) = postSolution
		{8F699A88-A924-4ACF-AAB6-96D277B73694}.Debug|Any CPU.ActiveCfg = Debug|Any CPU
		{8F699A88-A924-4ACF-AAB6-96D277B73694}.Debug|Any CPU.Build.0 = Debug|Any CPU
		{8F699A88-A924-4ACF-AAB6-96D277B73694}.Release|Any CPU.ActiveCfg = Release|Any CPU
		{8F699A88-A924-4ACF-AAB6-96D277B73694}.Release|Any CPU.Build.0 = Release|Any CPU
	EndGlobalSection
	GlobalSection(SolutionProperties) = preSolution
		HideSolutionNode = FALSE
	EndGlobalSection
	GlobalSection(ExtensibilityGlobals) = postSolution
		SolutionGuid = {E0D2F842-5FB6-418E-8A21-025392CC1322}
	EndGlobalSection
EndGlobal
