
Microsoft Visual Studio Solution File, Format Version 12.00
# Visual Studio Version 17
VisualStudioVersion = 17.5.33502.453
MinimumVisualStudioVersion = 10.0.40219.1
Project("{FAE04EC0-301F-11D3-BF4B-00C04F79EFBC}") = "ShipsGame", "ShipsGame\ShipsGame.csproj", "{0236F718-6D03-40BA-9665-0F216E119D28}"
EndProject
Global
	GlobalSection(SolutionConfigurationPlatforms) = preSolution
		Debug|Any CPU = Debug|Any CPU
		Release|Any CPU = Release|Any CPU
	EndGlobalSection
	GlobalSection(ProjectConfigurationPlatforms) = postSolution
		{0236F718-6D03-40BA-9665-0F216E119D28}.Debug|Any CPU.ActiveCfg = Debug|Any CPU
		{0236F718-6D03-40BA-9665-0F216E119D28}.Debug|Any CPU.Build.0 = Debug|Any CPU
		{0236F718-6D03-40BA-9665-0F216E119D28}.Release|Any CPU.ActiveCfg = Release|Any CPU
		{0236F718-6D03-40BA-9665-0F216E119D28}.Release|Any CPU.Build.0 = Release|Any CPU
	EndGlobalSection
	GlobalSection(SolutionProperties) = preSolution
		HideSolutionNode = FALSE
	EndGlobalSection
	GlobalSection(ExtensibilityGlobals) = postSolution
		SolutionGuid = {057925F2-E231-4BE8-A89E-38B79C9C40A6}
	EndGlobalSection
EndGlobal
