
Microsoft Visual Studio Solution File, Format Version 12.00
# Visual Studio Version 17
VisualStudioVersion = 17.5.33502.453
MinimumVisualStudioVersion = 10.0.40219.1
Project("{9A19103F-16F7-4668-BE54-9A1E7A4F7556}") = "ScientificCalculator", "ScientificCalculator\ScientificCalculator.csproj", "{68CAB253-5A7D-4B83-975B-658D1A4762AD}"
EndProject
Global
	GlobalSection(SolutionConfigurationPlatforms) = preSolution
		Debug|Any CPU = Debug|Any CPU
		Release|Any CPU = Release|Any CPU
	EndGlobalSection
	GlobalSection(ProjectConfigurationPlatforms) = postSolution
		{68CAB253-5A7D-4B83-975B-658D1A4762AD}.Debug|Any CPU.ActiveCfg = Debug|Any CPU
		{68CAB253-5A7D-4B83-975B-658D1A4762AD}.Debug|Any CPU.Build.0 = Debug|Any CPU
		{68CAB253-5A7D-4B83-975B-658D1A4762AD}.Release|Any CPU.ActiveCfg = Release|Any CPU
		{68CAB253-5A7D-4B83-975B-658D1A4762AD}.Release|Any CPU.Build.0 = Release|Any CPU
	EndGlobalSection
	GlobalSection(SolutionProperties) = preSolution
		HideSolutionNode = FALSE
	EndGlobalSection
	GlobalSection(ExtensibilityGlobals) = postSolution
		SolutionGuid = {32B66AE6-0062-44E4-A7A2-06710262D585}
	EndGlobalSection
EndGlobal
